
Microsoft Visual Studio Solution File, Format Version 12.00
# Visual Studio Version 16
VisualStudioVersion = 16.0.31321.278
MinimumVisualStudioVersion = 10.0.40219.1
Project("{FAE04EC0-301F-11D3-BF4B-00C04F79EFBC}") = "JesseSites7C", "JesseSites7C\JesseSites7C.csproj", "{0ACB5ADF-F960-4C96-8BCB-DA921E4EA755}"
EndProject
Global
	GlobalSection(SolutionConfigurationPlatforms) = preSolution
		Debug|Any CPU = Debug|Any CPU
		Release|Any CPU = Release|Any CPU
	EndGlobalSection
	GlobalSection(ProjectConfigurationPlatforms) = postSolution
		{0ACB5ADF-F960-4C96-8BCB-DA921E4EA755}.Debug|Any CPU.ActiveCfg = Debug|Any CPU
		{0ACB5ADF-F960-4C96-8BCB-DA921E4EA755}.Debug|Any CPU.Build.0 = Debug|Any CPU
		{0ACB5ADF-F960-4C96-8BCB-DA921E4EA755}.Release|Any CPU.ActiveCfg = Release|Any CPU
		{0ACB5ADF-F960-4C96-8BCB-DA921E4EA755}.Release|Any CPU.Build.0 = Release|Any CPU
	EndGlobalSection
	GlobalSection(SolutionProperties) = preSolution
		HideSolutionNode = FALSE
	EndGlobalSection
	GlobalSection(ExtensibilityGlobals) = postSolution
		SolutionGuid = {75E36431-C962-42AE-BF8B-CD4F89FD25D9}
	EndGlobalSection
EndGlobal
