
Microsoft Visual Studio Solution File, Format Version 12.00
# Visual Studio Version 16
VisualStudioVersion = 16.0.31313.79
MinimumVisualStudioVersion = 10.0.40219.1
Project("{FAE04EC0-301F-11D3-BF4B-00C04F79EFBC}") = "JesseSites2C", "JesseSites2C\JesseSites2C.csproj", "{4C007210-A454-43FA-8F2A-020D15202175}"
EndProject
Global
	GlobalSection(SolutionConfigurationPlatforms) = preSolution
		Debug|Any CPU = Debug|Any CPU
		Release|Any CPU = Release|Any CPU
	EndGlobalSection
	GlobalSection(ProjectConfigurationPlatforms) = postSolution
		{4C007210-A454-43FA-8F2A-020D15202175}.Debug|Any CPU.ActiveCfg = Debug|Any CPU
		{4C007210-A454-43FA-8F2A-020D15202175}.Debug|Any CPU.Build.0 = Debug|Any CPU
		{4C007210-A454-43FA-8F2A-020D15202175}.Release|Any CPU.ActiveCfg = Release|Any CPU
		{4C007210-A454-43FA-8F2A-020D15202175}.Release|Any CPU.Build.0 = Release|Any CPU
	EndGlobalSection
	GlobalSection(SolutionProperties) = preSolution
		HideSolutionNode = FALSE
	EndGlobalSection
	GlobalSection(ExtensibilityGlobals) = postSolution
		SolutionGuid = {C89B8FDC-E95D-4ED8-8D7D-CD3CC325480C}
	EndGlobalSection
EndGlobal
