
Microsoft Visual Studio Solution File, Format Version 12.00
# Visual Studio Version 16
VisualStudioVersion = 16.0.31313.79
MinimumVisualStudioVersion = 10.0.40219.1
Project("{FAE04EC0-301F-11D3-BF4B-00C04F79EFBC}") = "JesseSites2B", "JesseSites2B\JesseSites2B.csproj", "{17BB2C57-AB53-4C7F-9936-B3774D98772C}"
EndProject
Global
	GlobalSection(SolutionConfigurationPlatforms) = preSolution
		Debug|Any CPU = Debug|Any CPU
		Release|Any CPU = Release|Any CPU
	EndGlobalSection
	GlobalSection(ProjectConfigurationPlatforms) = postSolution
		{17BB2C57-AB53-4C7F-9936-B3774D98772C}.Debug|Any CPU.ActiveCfg = Debug|Any CPU
		{17BB2C57-AB53-4C7F-9936-B3774D98772C}.Debug|Any CPU.Build.0 = Debug|Any CPU
		{17BB2C57-AB53-4C7F-9936-B3774D98772C}.Release|Any CPU.ActiveCfg = Release|Any CPU
		{17BB2C57-AB53-4C7F-9936-B3774D98772C}.Release|Any CPU.Build.0 = Release|Any CPU
	EndGlobalSection
	GlobalSection(SolutionProperties) = preSolution
		HideSolutionNode = FALSE
	EndGlobalSection
	GlobalSection(ExtensibilityGlobals) = postSolution
		SolutionGuid = {0942998B-12C0-4DF0-AAE6-1D98B69A4CDB}
	EndGlobalSection
EndGlobal
